<?xml version="1.0" encoding="utf-8"?>
<Project ToolsVersion="4.0" xmlns="http://schemas.microsoft.com/developer/msbuild/2003">
  <ItemGroup>
    <Filter Include="Uncharted">
      <UniqueIdentifier>{A34F31E2-0FBA-E558-58F8-96FEC4A1C3AD}</UniqueIdentifier>
    </Filter>
    <Filter Include="Uncharted\Events">
      <UniqueIdentifier>{27A622EB-139F-413D-3CD1-26C228292149}</UniqueIdentifier>
    </Filter>
  </ItemGroup>
  <ItemGroup>
    <ClInclude Include="src\Uncharted.h" />
    <ClInclude Include="src\Uncharted\Application.h">
      <Filter>Uncharted</Filter>
    </ClInclude>
    <ClInclude Include="src\Uncharted\Core.h">
      <Filter>Uncharted</Filter>
    </ClInclude>
    <ClInclude Include="src\Uncharted\EntryPoint.h">
      <Filter>Uncharted</Filter>
    </ClInclude>
    <ClInclude Include="src\Uncharted\Events\ApplicationEvent.h">
      <Filter>Uncharted\Events</Filter>
    </ClInclude>
    <ClInclude Include="src\Uncharted\Events\Event.h">
      <Filter>Uncharted\Events</Filter>
    </ClInclude>
    <ClInclude Include="src\Uncharted\Events\KeyEvent.h">
      <Filter>Uncharted\Events</Filter>
    </ClInclude>
    <ClInclude Include="src\Uncharted\Events\MouseEvent.h">
      <Filter>Uncharted\Events</Filter>
    </ClInclude>
    <ClInclude Include="src\Uncharted\Log.h">
      <Filter>Uncharted</Filter>
    </ClInclude>
  </ItemGroup>
  <ItemGroup>
    <ClCompile Include="src\Uncharted\Application.cpp">
      <Filter>Uncharted</Filter>
    </ClCompile>
    <ClCompile Include="src\Uncharted\Log.cpp">
      <Filter>Uncharted</Filter>
    </ClCompile>
  </ItemGroup>
</Project>